
Microsoft Visual Studio Solution File, Format Version 12.00
# Visual Studio Version 17
VisualStudioVersion = 17.8.34701.33
MinimumVisualStudioVersion = 10.0.40219.1
Project("{9A19103F-16F7-4668-BE54-9A1E7A4F7556}") = "Riley_MultiUser_Bank", "Riley_OOPBank3\Riley_MultiUser_Bank.csproj", "{A6782557-49F3-4152-A235-6DE27BA6B16E}"
EndProject
Global
	GlobalSection(SolutionConfigurationPlatforms) = preSolution
		Debug|Any CPU = Debug|Any CPU
		Release|Any CPU = Release|Any CPU
	EndGlobalSection
	GlobalSection(ProjectConfigurationPlatforms) = postSolution
		{A6782557-49F3-4152-A235-6DE27BA6B16E}.Debug|Any CPU.ActiveCfg = Debug|Any CPU
		{A6782557-49F3-4152-A235-6DE27BA6B16E}.Debug|Any CPU.Build.0 = Debug|Any CPU
		{A6782557-49F3-4152-A235-6DE27BA6B16E}.Release|Any CPU.ActiveCfg = Release|Any CPU
		{A6782557-49F3-4152-A235-6DE27BA6B16E}.Release|Any CPU.Build.0 = Release|Any CPU
	EndGlobalSection
	GlobalSection(SolutionProperties) = preSolution
		HideSolutionNode = FALSE
	EndGlobalSection
	GlobalSection(ExtensibilityGlobals) = postSolution
		SolutionGuid = {54CC8914-4E9F-480C-866B-7A4D4DCCB4C1}
	EndGlobalSection
EndGlobal
